
Microsoft Visual Studio Solution File, Format Version 12.00
# Visual Studio 15
VisualStudioVersion = 15.0.28010.2019
MinimumVisualStudioVersion = 10.0.40219.1
Project("{FAE04EC0-301F-11D3-BF4B-00C04F79EFBC}") = "ClockStore", "ClockStore\ClockStore.csproj", "{789E6385-FC8E-42FD-A30A-779D8BEBE75A}"
EndProject
Global
	GlobalSection(SolutionConfigurationPlatforms) = preSolution
		Debug|Any CPU = Debug|Any CPU
		Release|Any CPU = Release|Any CPU
	EndGlobalSection
	GlobalSection(ProjectConfigurationPlatforms) = postSolution
		{789E6385-FC8E-42FD-A30A-779D8BEBE75A}.Debug|Any CPU.ActiveCfg = Debug|Any CPU
		{789E6385-FC8E-42FD-A30A-779D8BEBE75A}.Debug|Any CPU.Build.0 = Debug|Any CPU
		{789E6385-FC8E-42FD-A30A-779D8BEBE75A}.Release|Any CPU.ActiveCfg = Release|Any CPU
		{789E6385-FC8E-42FD-A30A-779D8BEBE75A}.Release|Any CPU.Build.0 = Release|Any CPU
	EndGlobalSection
	GlobalSection(SolutionProperties) = preSolution
		HideSolutionNode = FALSE
	EndGlobalSection
	GlobalSection(ExtensibilityGlobals) = postSolution
		SolutionGuid = {75AFC1CC-C919-436B-AF7A-1606849C3DF7}
	EndGlobalSection
EndGlobal
